lockfileVersion: '6.0'

settings:
  autoInstallPeers: true
  excludeLinksFromLockfile: false

dependencies:
  '@prisma/client':
    specifier: 6.3.0-integration-simpler-typeinfo-query.1
    version: 6.3.0-integration-simpler-typeinfo-query.1(prisma@6.3.0-integration-simpler-typeinfo-query.1)
  '@prisma/extension-accelerate':
    specifier: 1.2.1
    version: 1.2.1(@prisma/client@6.3.0-integration-simpler-typeinfo-query.1)

devDependencies:
  prisma:
    specifier: 6.3.0-integration-simpler-typeinfo-query.1
    version: 6.3.0-integration-simpler-typeinfo-query.1

packages:

  /@prisma/client@6.3.0-integration-simpler-typeinfo-query.1(prisma@6.3.0-integration-simpler-typeinfo-query.1):
    resolution: {integrity: sha512-LIbAp78IIPIFbtB6Gpb/i1cQkFtOAV6oBYB5Uq3RsAA46wKu2KbWzGoCTRmCo/DZ9xRSeeCllHSGtQhgzeG1XQ==}
    engines: {node: '>=16.13'}
    requiresBuild: true
    peerDependencies:
      prisma: '*'
    peerDependenciesMeta:
      prisma:
        optional: true
    dependencies:
      prisma: 6.3.0-integration-simpler-typeinfo-query.1
    dev: false

  /@prisma/debug@6.3.0-integration-simpler-typeinfo-query.1:
    resolution: {integrity: sha512-Ks0PyM9mXd6T4MNOD8AvdpKlJppjtVCPymrupuQik5ne0e9hU3wQ6mVxBUxNpBEAwgwozKcUKQe8gXyXo/aSDA==}

  /@prisma/engines-version@6.3.0-6.integration-5-22-0-with-simplified-typeinfo-c7d99d9db5129d8b35986b8518c7f10bc8580e03:
    resolution: {integrity: sha512-ywWi/ncjU7N7UDG1/PJfTLd9Blsr49LQgRmpMwSONk052XAkqEI9Q+54fgW5OK3cYdOTP4PXWMAhVNABPXNUGQ==}

  /@prisma/engines@6.3.0-integration-simpler-typeinfo-query.1:
    resolution: {integrity: sha512-qBYsrOr7gi+kw4cH1hHlExWZkQij8qr6OZL+4ZoJhXHfovOaO7Q2zC7EFJWlhIOB5rdp31l50LcE6uRdLBHBOQ==}
    requiresBuild: true
    dependencies:
      '@prisma/debug': 6.3.0-integration-simpler-typeinfo-query.1
      '@prisma/engines-version': 6.3.0-6.integration-5-22-0-with-simplified-typeinfo-c7d99d9db5129d8b35986b8518c7f10bc8580e03
      '@prisma/fetch-engine': 6.3.0-integration-simpler-typeinfo-query.1
      '@prisma/get-platform': 6.3.0-integration-simpler-typeinfo-query.1

  /@prisma/extension-accelerate@1.2.1(@prisma/client@6.3.0-integration-simpler-typeinfo-query.1):
    resolution: {integrity: sha512-QicnMeyqL226ilT3vvRsFAqPeIdqHGKR4c25CoK5zZ1tNIv8egfgpD1gCKqOGmfAz0pIKQnMuJU3eNg9KItC7A==}
    engines: {node: '>=16'}
    peerDependencies:
      '@prisma/client': '>=4.16.1'
    dependencies:
      '@prisma/client': 6.3.0-integration-simpler-typeinfo-query.1(prisma@6.3.0-integration-simpler-typeinfo-query.1)
    dev: false

  /@prisma/fetch-engine@6.3.0-integration-simpler-typeinfo-query.1:
    resolution: {integrity: sha512-mVdazcmvYVQzW3l3R1Gh9FDiTY4UTX/WPYW5AmIwbcOy3sFcg+HgrRcSyDErNx+NyOLrYINucuO72DjAgynRIA==}
    dependencies:
      '@prisma/debug': 6.3.0-integration-simpler-typeinfo-query.1
      '@prisma/engines-version': 6.3.0-6.integration-5-22-0-with-simplified-typeinfo-c7d99d9db5129d8b35986b8518c7f10bc8580e03
      '@prisma/get-platform': 6.3.0-integration-simpler-typeinfo-query.1

  /@prisma/get-platform@6.3.0-integration-simpler-typeinfo-query.1:
    resolution: {integrity: sha512-Xbv31jXYQoZ9EAGhfblOln2UTher0jDlNJtoFTG3gQmfiOz5zMu2iGp+WDfpGZi/878T+U844RqiZIGQC4ROAg==}
    dependencies:
      '@prisma/debug': 6.3.0-integration-simpler-typeinfo-query.1

  /fsevents@2.3.3:
    resolution: {integrity: sha512-5xoDfX+fL7faATnagmWPpbFtwh/R77WmMMqqHGS65C3vvB0YHrgF+B1YmZ3441tMj5n63k0212XNoJwzlhffQw==}
    engines: {node: ^8.16.0 || ^10.6.0 || >=11.0.0}
    os: [darwin]
    requiresBuild: true
    optional: true

  /prisma@6.3.0-integration-simpler-typeinfo-query.1:
    resolution: {integrity: sha512-6bucmiempynmvd7BPgOMWPLtSbhDFwWk6iv/WV/98Qk2Ew+Dzi+hgOZfg0+WDrVYmuNhlVSzlSrNMtjZUXuOuQ==}
    engines: {node: '>=16.13'}
    hasBin: true
    requiresBuild: true
    dependencies:
      '@prisma/engines': 6.3.0-integration-simpler-typeinfo-query.1
    optionalDependencies:
      fsevents: 2.3.3
